Microsoft Visual Studio Solution File, Format Version 11.00
# Visual Studio 2008

Project("{2E2C7257-CFDE-F4B4-7477-478BD8F6C65E}") = "GunRaycast", "Assembly-CSharp-firstpass-vs.csproj", "{B0BF5171-5C32-13D3-3EBB-8EC4BFB20BCF}"
EndProject
Project("{2E2C7257-CFDE-F4B4-7477-478BD8F6C65E}") = "GunRaycast", "Assembly-CSharp-vs.csproj", "{661FE52F-E3A3-BE20-35C4-DC35F1236985}"
EndProject
Global
	GlobalSection(SolutionConfigurationPlatforms) = preSolution
		Debug|Any CPU = Debug|Any CPU
		Release|Any CPU = Release|Any CPU
	EndGlobalSection
	GlobalSection(ProjectConfigurationPlatforms) = postSolution
		{B0BF5171-5C32-13D3-3EBB-8EC4BFB20BCF}.Debug|Any CPU.ActiveCfg = Debug|Any CPU
		{B0BF5171-5C32-13D3-3EBB-8EC4BFB20BCF}.Debug|Any CPU.Build.0 = Debug|Any CPU
		{B0BF5171-5C32-13D3-3EBB-8EC4BFB20BCF}.Release|Any CPU.ActiveCfg = Release|Any CPU
		{B0BF5171-5C32-13D3-3EBB-8EC4BFB20BCF}.Release|Any CPU.Build.0 = Release|Any CPU
		{661FE52F-E3A3-BE20-35C4-DC35F1236985}.Debug|Any CPU.ActiveCfg = Debug|Any CPU
		{661FE52F-E3A3-BE20-35C4-DC35F1236985}.Debug|Any CPU.Build.0 = Debug|Any CPU
		{661FE52F-E3A3-BE20-35C4-DC35F1236985}.Release|Any CPU.ActiveCfg = Release|Any CPU
		{661FE52F-E3A3-BE20-35C4-DC35F1236985}.Release|Any CPU.Build.0 = Release|Any CPU
	EndGlobalSection
	GlobalSection(SolutionProperties) = preSolution
		HideSolutionNode = FALSE
	EndGlobalSection
					GlobalSection(MonoDevelopProperties) = preSolution
		StartupItem = Assembly-CSharp.csproj
		Policies = $0
		$0.TextStylePolicy = $1
		$1.inheritsSet = null
		$1.scope = text/x-csharp
		$0.CSharpFormattingPolicy = $2
		$2.inheritsSet = Mono
		$2.inheritsScope = text/x-csharp
		$2.scope = text/x-csharp
		$0.TextStylePolicy = $3
		$3.FileWidth = 120
		$3.TabWidth = 4
		$3.EolMarker = Unix
		$3.inheritsSet = Mono
		$3.inheritsScope = text/plain
		$3.scope = text/plain
	EndGlobalSection

EndGlobal
